Microsoft Visual Studio Solution File, Format Version 10.00
# Visual Studio 2008
Project("{2150E333-8FDC-42A3-9474-1A3956D46DE8}") = "(allocator)", "..\..\..\base\allocator", "{6478B9F3-4858-63F4-35F4-98A303E305F3}"
EndProject
Project("{2150E333-8FDC-42A3-9474-1A3956D46DE8}") = "(base)", "..\..\..\base", "{9785FB75-982A-5DE3-252D-3F288B9FEF5B}"
EndProject
Project("{2150E333-8FDC-42A3-9474-1A3956D46DE8}") = "(testing)", "..\..\..\testing", "{EAC80D00-01D2-3F49-A377-20B7154947F3}"
EndProject
Project("{2150E333-8FDC-42A3-9474-1A3956D46DE8}") = "(third_party)", "..\..\..\base\third_party", "{3E7FA5AF-27B3-2DE0-883C-12F98E7F4E81}"
EndProject
Project("{2150E333-8FDC-42A3-9474-1A3956D46DE8}") = "(third_party)", "..\..\..\third_party", "{89C816A7-DD31-D54C-C69C-5A80E0C49B77}"
EndProject
Project("{8BC9CEB8-8B4A-11D0-8D11-00A0C91BC942}") = "allocator", "allocator.vcproj", "{709F942B-A7AE-A5E7-E8AA-4FD1018042FF}"
	ProjectSection(ProjectDependencies) = postProject
		{BD06D2A3-19F0-B04C-C120-0CE93F916A2B} = {BD06D2A3-19F0-B04C-C120-0CE93F916A2B}
	EndProjectSection
EndProject
Project("{8BC9CEB8-8B4A-11D0-8D11-00A0C91BC942}") = "allocator_extension_thunks", "allocator_extension_thunks.vcproj", "{F14C2E94-2B98-4463-EB96-2B53F85764E1}"
EndProject
Project("{8BC9CEB8-8B4A-11D0-8D11-00A0C91BC942}") = "allocator_extension_thunks_win64", "allocator_extension_thunks_win64.vcproj", "{BB5569E4-E5BC-EFDC-1555-FA4EBF9838F2}"
EndProject
Project("{8BC9CEB8-8B4A-11D0-8D11-00A0C91BC942}") = "allocator_unittests", "allocator_unittests.vcproj", "{BFB5CA90-8047-9F82-7395-BD75C47CCA02}"
	ProjectSection(ProjectDependencies) = postProject
		{709F942B-A7AE-A5E7-E8AA-4FD1018042FF} = {709F942B-A7AE-A5E7-E8AA-4FD1018042FF}
		{F14C2E94-2B98-4463-EB96-2B53F85764E1} = {F14C2E94-2B98-4463-EB96-2B53F85764E1}
		{0B1C5B52-B727-1B9B-C5DC-46AC2BEC545D} = {0B1C5B52-B727-1B9B-C5DC-46AC2BEC545D}
		{8142DEF9-E135-B0D8-01DF-F1B1BA0E4323} = {8142DEF9-E135-B0D8-01DF-F1B1BA0E4323}
		{BD06D2A3-19F0-B04C-C120-0CE93F916A2B} = {BD06D2A3-19F0-B04C-C120-0CE93F916A2B}
		{D9BF94ED-9176-D2DB-2130-5B3A81BB11E7} = {D9BF94ED-9176-D2DB-2130-5B3A81BB11E7}
	EndProjectSection
EndProject
Project("{8BC9CEB8-8B4A-11D0-8D11-00A0C91BC942}") = "base", "..\base.vcproj", "{BBD255A3-E819-F6CD-8793-FE07C11E1C31}"
	ProjectSection(ProjectDependencies) = postProject
		{D9BF94ED-9176-D2DB-2130-5B3A81BB11E7} = {D9BF94ED-9176-D2DB-2130-5B3A81BB11E7}
	EndProjectSection
EndProject
Project("{8BC9CEB8-8B4A-11D0-8D11-00A0C91BC942}") = "base_static", "..\base_static.vcproj", "{7DA5E8A9-2F15-3857-A8A0-7ECE2D832093}"
EndProject
Project("{8BC9CEB8-8B4A-11D0-8D11-00A0C91BC942}") = "dynamic_annotations", "..\third_party\dynamic_annotations\dynamic_annotations.vcproj", "{8142DEF9-E135-B0D8-01DF-F1B1BA0E4323}"
EndProject
Project("{8BC9CEB8-8B4A-11D0-8D11-00A0C91BC942}") = "gtest", "..\..\testing\gtest.vcproj", "{0B1C5B52-B727-1B9B-C5DC-46AC2BEC545D}"
	ProjectSection(ProjectDependencies) = postProject
		{D9BF94ED-9176-D2DB-2130-5B3A81BB11E7} = {D9BF94ED-9176-D2DB-2130-5B3A81BB11E7}
	EndProjectSection
EndProject
Project("{8BC9CEB8-8B4A-11D0-8D11-00A0C91BC942}") = "gtest_prod", "..\..\testing\gtest_prod.vcproj", "{D9BF94ED-9176-D2DB-2130-5B3A81BB11E7}"
EndProject
Project("{8BC9CEB8-8B4A-11D0-8D11-00A0C91BC942}") = "libcmt", "libcmt.vcproj", "{BD06D2A3-19F0-B04C-C120-0CE93F916A2B}"
EndProject
Project("{8BC9CEB8-8B4A-11D0-8D11-00A0C91BC942}") = "modp_b64", "..\..\third_party\modp_b64\modp_b64.vcproj", "{87CE7491-79EB-CD91-8146-75EC81E13942}"
EndProject
Project("{8BC9CEB8-8B4A-11D0-8D11-00A0C91BC942}") = "tcmalloc_unittest", "tcmalloc_unittest.vcproj", "{88ABD86A-2425-A11E-4079-3D0476F05FDC}"
	ProjectSection(ProjectDependencies) = postProject
		{0B1C5B52-B727-1B9B-C5DC-46AC2BEC545D} = {0B1C5B52-B727-1B9B-C5DC-46AC2BEC545D}
		{BBD255A3-E819-F6CD-8793-FE07C11E1C31} = {BBD255A3-E819-F6CD-8793-FE07C11E1C31}
		{709F942B-A7AE-A5E7-E8AA-4FD1018042FF} = {709F942B-A7AE-A5E7-E8AA-4FD1018042FF}
		{D9BF94ED-9176-D2DB-2130-5B3A81BB11E7} = {D9BF94ED-9176-D2DB-2130-5B3A81BB11E7}
		{7DA5E8A9-2F15-3857-A8A0-7ECE2D832093} = {7DA5E8A9-2F15-3857-A8A0-7ECE2D832093}
		{F14C2E94-2B98-4463-EB96-2B53F85764E1} = {F14C2E94-2B98-4463-EB96-2B53F85764E1}
		{87CE7491-79EB-CD91-8146-75EC81E13942} = {87CE7491-79EB-CD91-8146-75EC81E13942}
		{8142DEF9-E135-B0D8-01DF-F1B1BA0E4323} = {8142DEF9-E135-B0D8-01DF-F1B1BA0E4323}
		{BD06D2A3-19F0-B04C-C120-0CE93F916A2B} = {BD06D2A3-19F0-B04C-C120-0CE93F916A2B}
	EndProjectSection
EndProject
Global
	GlobalSection(SolutionConfigurationPlatforms) = preSolution
		Release|x64 = Release|x64
		Debug|Win32 = Debug|Win32
		Debug|x64 = Debug|x64
		Release|Win32 = Release|Win32
	EndGlobalSection
	GlobalSection(ProjectConfigurationPlatforms) = postSolution
		{0B1C5B52-B727-1B9B-C5DC-46AC2BEC545D}.Release|x64.ActiveCfg = Release|x64
		{0B1C5B52-B727-1B9B-C5DC-46AC2BEC545D}.Release|x64.Build.0 = Release|x64
		{0B1C5B52-B727-1B9B-C5DC-46AC2BEC545D}.Debug|Win32.ActiveCfg = Debug|Win32
		{0B1C5B52-B727-1B9B-C5DC-46AC2BEC545D}.Debug|Win32.Build.0 = Debug|Win32
		{0B1C5B52-B727-1B9B-C5DC-46AC2BEC545D}.Debug|x64.ActiveCfg = Debug|x64
		{0B1C5B52-B727-1B9B-C5DC-46AC2BEC545D}.Debug|x64.Build.0 = Debug|x64
		{0B1C5B52-B727-1B9B-C5DC-46AC2BEC545D}.Release|Win32.ActiveCfg = Release|Win32
		{0B1C5B52-B727-1B9B-C5DC-46AC2BEC545D}.Release|Win32.Build.0 = Release|Win32
		{709F942B-A7AE-A5E7-E8AA-4FD1018042FF}.Release|x64.ActiveCfg = Release|x64
		{709F942B-A7AE-A5E7-E8AA-4FD1018042FF}.Release|x64.Build.0 = Release|x64
		{709F942B-A7AE-A5E7-E8AA-4FD1018042FF}.Debug|Win32.ActiveCfg = Debug|Win32
		{709F942B-A7AE-A5E7-E8AA-4FD1018042FF}.Debug|Win32.Build.0 = Debug|Win32
		{709F942B-A7AE-A5E7-E8AA-4FD1018042FF}.Debug|x64.ActiveCfg = Debug|x64
		{709F942B-A7AE-A5E7-E8AA-4FD1018042FF}.Debug|x64.Build.0 = Debug|x64
		{709F942B-A7AE-A5E7-E8AA-4FD1018042FF}.Release|Win32.ActiveCfg = Release|Win32
		{709F942B-A7AE-A5E7-E8AA-4FD1018042FF}.Release|Win32.Build.0 = Release|Win32
		{7DA5E8A9-2F15-3857-A8A0-7ECE2D832093}.Release|x64.ActiveCfg = Release|x64
		{7DA5E8A9-2F15-3857-A8A0-7ECE2D832093}.Release|x64.Build.0 = Release|x64
		{7DA5E8A9-2F15-3857-A8A0-7ECE2D832093}.Debug|Win32.ActiveCfg = Debug|Win32
		{7DA5E8A9-2F15-3857-A8A0-7ECE2D832093}.Debug|Win32.Build.0 = Debug|Win32
		{7DA5E8A9-2F15-3857-A8A0-7ECE2D832093}.Debug|x64.ActiveCfg = Debug|x64
		{7DA5E8A9-2F15-3857-A8A0-7ECE2D832093}.Debug|x64.Build.0 = Debug|x64
		{7DA5E8A9-2F15-3857-A8A0-7ECE2D832093}.Release|Win32.ActiveCfg = Release|Win32
		{7DA5E8A9-2F15-3857-A8A0-7ECE2D832093}.Release|Win32.Build.0 = Release|Win32
		{8142DEF9-E135-B0D8-01DF-F1B1BA0E4323}.Release|x64.ActiveCfg = Release|x64
		{8142DEF9-E135-B0D8-01DF-F1B1BA0E4323}.Release|x64.Build.0 = Release|x64
		{8142DEF9-E135-B0D8-01DF-F1B1BA0E4323}.Debug|Win32.ActiveCfg = Debug|Win32
		{8142DEF9-E135-B0D8-01DF-F1B1BA0E4323}.Debug|Win32.Build.0 = Debug|Win32
		{8142DEF9-E135-B0D8-01DF-F1B1BA0E4323}.Debug|x64.ActiveCfg = Debug|x64
		{8142DEF9-E135-B0D8-01DF-F1B1BA0E4323}.Debug|x64.Build.0 = Debug|x64
		{8142DEF9-E135-B0D8-01DF-F1B1BA0E4323}.Release|Win32.ActiveCfg = Release|Win32
		{8142DEF9-E135-B0D8-01DF-F1B1BA0E4323}.Release|Win32.Build.0 = Release|Win32
		{87CE7491-79EB-CD91-8146-75EC81E13942}.Release|x64.ActiveCfg = Release|x64
		{87CE7491-79EB-CD91-8146-75EC81E13942}.Release|x64.Build.0 = Release|x64
		{87CE7491-79EB-CD91-8146-75EC81E13942}.Debug|Win32.ActiveCfg = Debug|Win32
		{87CE7491-79EB-CD91-8146-75EC81E13942}.Debug|Win32.Build.0 = Debug|Win32
		{87CE7491-79EB-CD91-8146-75EC81E13942}.Debug|x64.ActiveCfg = Debug|x64
		{87CE7491-79EB-CD91-8146-75EC81E13942}.Debug|x64.Build.0 = Debug|x64
		{87CE7491-79EB-CD91-8146-75EC81E13942}.Release|Win32.ActiveCfg = Release|Win32
		{87CE7491-79EB-CD91-8146-75EC81E13942}.Release|Win32.Build.0 = Release|Win32
		{88ABD86A-2425-A11E-4079-3D0476F05FDC}.Release|x64.ActiveCfg = Release|x64
		{88ABD86A-2425-A11E-4079-3D0476F05FDC}.Release|x64.Build.0 = Release|x64
		{88ABD86A-2425-A11E-4079-3D0476F05FDC}.Debug|Win32.ActiveCfg = Debug|Win32
		{88ABD86A-2425-A11E-4079-3D0476F05FDC}.Debug|Win32.Build.0 = Debug|Win32
		{88ABD86A-2425-A11E-4079-3D0476F05FDC}.Debug|x64.ActiveCfg = Debug|x64
		{88ABD86A-2425-A11E-4079-3D0476F05FDC}.Debug|x64.Build.0 = Debug|x64
		{88ABD86A-2425-A11E-4079-3D0476F05FDC}.Release|Win32.ActiveCfg = Release|Win32
		{88ABD86A-2425-A11E-4079-3D0476F05FDC}.Release|Win32.Build.0 = Release|Win32
		{BB5569E4-E5BC-EFDC-1555-FA4EBF9838F2}.Release|x64.ActiveCfg = Release|x64
		{BB5569E4-E5BC-EFDC-1555-FA4EBF9838F2}.Release|x64.Build.0 = Release|x64
		{BB5569E4-E5BC-EFDC-1555-FA4EBF9838F2}.Debug|Win32.ActiveCfg = Debug|x64
		{BB5569E4-E5BC-EFDC-1555-FA4EBF9838F2}.Debug|Win32.Build.0 = Debug|x64
		{BB5569E4-E5BC-EFDC-1555-FA4EBF9838F2}.Debug|x64.ActiveCfg = Debug|x64
		{BB5569E4-E5BC-EFDC-1555-FA4EBF9838F2}.Debug|x64.Build.0 = Debug|x64
		{BB5569E4-E5BC-EFDC-1555-FA4EBF9838F2}.Release|Win32.ActiveCfg = Release|x64
		{BB5569E4-E5BC-EFDC-1555-FA4EBF9838F2}.Release|Win32.Build.0 = Release|x64
		{BBD255A3-E819-F6CD-8793-FE07C11E1C31}.Release|x64.ActiveCfg = Release|x64
		{BBD255A3-E819-F6CD-8793-FE07C11E1C31}.Release|x64.Build.0 = Release|x64
		{BBD255A3-E819-F6CD-8793-FE07C11E1C31}.Debug|Win32.ActiveCfg = Debug|Win32
		{BBD255A3-E819-F6CD-8793-FE07C11E1C31}.Debug|Win32.Build.0 = Debug|Win32
		{BBD255A3-E819-F6CD-8793-FE07C11E1C31}.Debug|x64.ActiveCfg = Debug|x64
		{BBD255A3-E819-F6CD-8793-FE07C11E1C31}.Debug|x64.Build.0 = Debug|x64
		{BBD255A3-E819-F6CD-8793-FE07C11E1C31}.Release|Win32.ActiveCfg = Release|Win32
		{BBD255A3-E819-F6CD-8793-FE07C11E1C31}.Release|Win32.Build.0 = Release|Win32
		{BD06D2A3-19F0-B04C-C120-0CE93F916A2B}.Release|x64.ActiveCfg = Release|x64
		{BD06D2A3-19F0-B04C-C120-0CE93F916A2B}.Release|x64.Build.0 = Release|x64
		{BD06D2A3-19F0-B04C-C120-0CE93F916A2B}.Debug|Win32.ActiveCfg = Debug|Win32
		{BD06D2A3-19F0-B04C-C120-0CE93F916A2B}.Debug|Win32.Build.0 = Debug|Win32
		{BD06D2A3-19F0-B04C-C120-0CE93F916A2B}.Debug|x64.ActiveCfg = Debug|x64
		{BD06D2A3-19F0-B04C-C120-0CE93F916A2B}.Debug|x64.Build.0 = Debug|x64
		{BD06D2A3-19F0-B04C-C120-0CE93F916A2B}.Release|Win32.ActiveCfg = Release|Win32
		{BD06D2A3-19F0-B04C-C120-0CE93F916A2B}.Release|Win32.Build.0 = Release|Win32
		{BFB5CA90-8047-9F82-7395-BD75C47CCA02}.Release|x64.ActiveCfg = Release|x64
		{BFB5CA90-8047-9F82-7395-BD75C47CCA02}.Release|x64.Build.0 = Release|x64
		{BFB5CA90-8047-9F82-7395-BD75C47CCA02}.Debug|Win32.ActiveCfg = Debug|Win32
		{BFB5CA90-8047-9F82-7395-BD75C47CCA02}.Debug|Win32.Build.0 = Debug|Win32
		{BFB5CA90-8047-9F82-7395-BD75C47CCA02}.Debug|x64.ActiveCfg = Debug|x64
		{BFB5CA90-8047-9F82-7395-BD75C47CCA02}.Debug|x64.Build.0 = Debug|x64
		{BFB5CA90-8047-9F82-7395-BD75C47CCA02}.Release|Win32.ActiveCfg = Release|Win32
		{BFB5CA90-8047-9F82-7395-BD75C47CCA02}.Release|Win32.Build.0 = Release|Win32
		{D9BF94ED-9176-D2DB-2130-5B3A81BB11E7}.Release|x64.ActiveCfg = Release|x64
		{D9BF94ED-9176-D2DB-2130-5B3A81BB11E7}.Release|x64.Build.0 = Release|x64
		{D9BF94ED-9176-D2DB-2130-5B3A81BB11E7}.Debug|Win32.ActiveCfg = Debug|Win32
		{D9BF94ED-9176-D2DB-2130-5B3A81BB11E7}.Debug|Win32.Build.0 = Debug|Win32
		{D9BF94ED-9176-D2DB-2130-5B3A81BB11E7}.Debug|x64.ActiveCfg = Debug|x64
		{D9BF94ED-9176-D2DB-2130-5B3A81BB11E7}.Debug|x64.Build.0 = Debug|x64
		{D9BF94ED-9176-D2DB-2130-5B3A81BB11E7}.Release|Win32.ActiveCfg = Release|Win32
		{D9BF94ED-9176-D2DB-2130-5B3A81BB11E7}.Release|Win32.Build.0 = Release|Win32
		{F14C2E94-2B98-4463-EB96-2B53F85764E1}.Release|x64.ActiveCfg = Release|x64
		{F14C2E94-2B98-4463-EB96-2B53F85764E1}.Release|x64.Build.0 = Release|x64
		{F14C2E94-2B98-4463-EB96-2B53F85764E1}.Debug|Win32.ActiveCfg = Debug|Win32
		{F14C2E94-2B98-4463-EB96-2B53F85764E1}.Debug|Win32.Build.0 = Debug|Win32
		{F14C2E94-2B98-4463-EB96-2B53F85764E1}.Debug|x64.ActiveCfg = Debug|x64
		{F14C2E94-2B98-4463-EB96-2B53F85764E1}.Debug|x64.Build.0 = Debug|x64
		{F14C2E94-2B98-4463-EB96-2B53F85764E1}.Release|Win32.ActiveCfg = Release|Win32
		{F14C2E94-2B98-4463-EB96-2B53F85764E1}.Release|Win32.Build.0 = Release|Win32
	EndGlobalSection
	GlobalSection(SolutionProperties) = preSolution
		HideSolutionNode = FALSE
	EndGlobalSection
	GlobalSection(NestedProjects) = preSolution
		{709F942B-A7AE-A5E7-E8AA-4FD1018042FF} = {6478B9F3-4858-63F4-35F4-98A303E305F3}
		{F14C2E94-2B98-4463-EB96-2B53F85764E1} = {6478B9F3-4858-63F4-35F4-98A303E305F3}
		{BB5569E4-E5BC-EFDC-1555-FA4EBF9838F2} = {6478B9F3-4858-63F4-35F4-98A303E305F3}
		{BFB5CA90-8047-9F82-7395-BD75C47CCA02} = {6478B9F3-4858-63F4-35F4-98A303E305F3}
		{BD06D2A3-19F0-B04C-C120-0CE93F916A2B} = {6478B9F3-4858-63F4-35F4-98A303E305F3}
		{88ABD86A-2425-A11E-4079-3D0476F05FDC} = {6478B9F3-4858-63F4-35F4-98A303E305F3}
		{6478B9F3-4858-63F4-35F4-98A303E305F3} = {9785FB75-982A-5DE3-252D-3F288B9FEF5B}
		{3E7FA5AF-27B3-2DE0-883C-12F98E7F4E81} = {9785FB75-982A-5DE3-252D-3F288B9FEF5B}
		{BBD255A3-E819-F6CD-8793-FE07C11E1C31} = {9785FB75-982A-5DE3-252D-3F288B9FEF5B}
		{7DA5E8A9-2F15-3857-A8A0-7ECE2D832093} = {9785FB75-982A-5DE3-252D-3F288B9FEF5B}
		{0B1C5B52-B727-1B9B-C5DC-46AC2BEC545D} = {EAC80D00-01D2-3F49-A377-20B7154947F3}
		{D9BF94ED-9176-D2DB-2130-5B3A81BB11E7} = {EAC80D00-01D2-3F49-A377-20B7154947F3}
		{8142DEF9-E135-B0D8-01DF-F1B1BA0E4323} = {3E7FA5AF-27B3-2DE0-883C-12F98E7F4E81}
		{87CE7491-79EB-CD91-8146-75EC81E13942} = {89C816A7-DD31-D54C-C69C-5A80E0C49B77}
	EndGlobalSection
EndGlobal
