Microsoft Visual Studio Solution File, Format Version 10.00
# Visual Studio 2008
Project("{2150E333-8FDC-42A3-9474-1A3956D46DE8}") = "(base)", "..\..\base", "{9785FB75-982A-5DE3-252D-3F288B9FEF5B}"
EndProject
Project("{2150E333-8FDC-42A3-9474-1A3956D46DE8}") = "(native_client)", "..\..\native_client", "{829C43DA-1372-614D-F044-340432AECC41}"
EndProject
Project("{8BC9CEB8-8B4A-11D0-8D11-00A0C91BC942}") = "base_untrusted", "base_untrusted.vcproj", "{E6F40AA9-540A-E5E0-E067-CAD080F731AF}"
	ProjectSection(ProjectDependencies) = postProject
		{6AEF0907-6868-0AF9-534A-377461AD9955} = {6AEF0907-6868-0AF9-534A-377461AD9955}
	EndProjectSection
EndProject
Project("{8BC9CEB8-8B4A-11D0-8D11-00A0C91BC942}") = "crt_fini_32", "..\native_client\crt_fini_32.vcproj", "{12603EF0-22FF-8BDE-B472-579C0D840CA9}"
	ProjectSection(ProjectDependencies) = postProject
		{C5F41A02-62B7-DE40-16B0-5378F47A36E0} = {C5F41A02-62B7-DE40-16B0-5378F47A36E0}
		{1ACDD6D3-0EF2-35F3-74CA-1CB6581A8C65} = {1ACDD6D3-0EF2-35F3-74CA-1CB6581A8C65}
	EndProjectSection
EndProject
Project("{8BC9CEB8-8B4A-11D0-8D11-00A0C91BC942}") = "crt_fini_64", "..\native_client\crt_fini_64.vcproj", "{5203AA6C-06C1-798F-F315-5660A022935A}"
	ProjectSection(ProjectDependencies) = postProject
		{C5F41A02-62B7-DE40-16B0-5378F47A36E0} = {C5F41A02-62B7-DE40-16B0-5378F47A36E0}
		{1ACDD6D3-0EF2-35F3-74CA-1CB6581A8C65} = {1ACDD6D3-0EF2-35F3-74CA-1CB6581A8C65}
	EndProjectSection
EndProject
Project("{8BC9CEB8-8B4A-11D0-8D11-00A0C91BC942}") = "crt_init_32", "..\native_client\crt_init_32.vcproj", "{8E66546C-5DDC-CE6B-6937-FA30E3188E33}"
	ProjectSection(ProjectDependencies) = postProject
		{C5F41A02-62B7-DE40-16B0-5378F47A36E0} = {C5F41A02-62B7-DE40-16B0-5378F47A36E0}
		{1ACDD6D3-0EF2-35F3-74CA-1CB6581A8C65} = {1ACDD6D3-0EF2-35F3-74CA-1CB6581A8C65}
	EndProjectSection
EndProject
Project("{8BC9CEB8-8B4A-11D0-8D11-00A0C91BC942}") = "crt_init_64", "..\native_client\crt_init_64.vcproj", "{919EC9E8-1C97-B1A4-D200-E72CC2ED4138}"
	ProjectSection(ProjectDependencies) = postProject
		{C5F41A02-62B7-DE40-16B0-5378F47A36E0} = {C5F41A02-62B7-DE40-16B0-5378F47A36E0}
		{1ACDD6D3-0EF2-35F3-74CA-1CB6581A8C65} = {1ACDD6D3-0EF2-35F3-74CA-1CB6581A8C65}
	EndProjectSection
EndProject
Project("{8BC9CEB8-8B4A-11D0-8D11-00A0C91BC942}") = "prep_nacl_sdk", "..\native_client\prep_nacl_sdk.vcproj", "{1ACDD6D3-0EF2-35F3-74CA-1CB6581A8C65}"
	ProjectSection(ProjectDependencies) = postProject
		{C5F41A02-62B7-DE40-16B0-5378F47A36E0} = {C5F41A02-62B7-DE40-16B0-5378F47A36E0}
	EndProjectSection
EndProject
Project("{8BC9CEB8-8B4A-11D0-8D11-00A0C91BC942}") = "prep_toolchain", "..\native_client\prep_toolchain.vcproj", "{6AEF0907-6868-0AF9-534A-377461AD9955}"
	ProjectSection(ProjectDependencies) = postProject
		{C5F41A02-62B7-DE40-16B0-5378F47A36E0} = {C5F41A02-62B7-DE40-16B0-5378F47A36E0}
		{1ACDD6D3-0EF2-35F3-74CA-1CB6581A8C65} = {1ACDD6D3-0EF2-35F3-74CA-1CB6581A8C65}
		{8E66546C-5DDC-CE6B-6937-FA30E3188E33} = {8E66546C-5DDC-CE6B-6937-FA30E3188E33}
		{12603EF0-22FF-8BDE-B472-579C0D840CA9} = {12603EF0-22FF-8BDE-B472-579C0D840CA9}
		{919EC9E8-1C97-B1A4-D200-E72CC2ED4138} = {919EC9E8-1C97-B1A4-D200-E72CC2ED4138}
		{5203AA6C-06C1-798F-F315-5660A022935A} = {5203AA6C-06C1-798F-F315-5660A022935A}
	EndProjectSection
EndProject
Project("{8BC9CEB8-8B4A-11D0-8D11-00A0C91BC942}") = "untar_toolchains", "..\native_client\untar_toolchains.vcproj", "{C5F41A02-62B7-DE40-16B0-5378F47A36E0}"
EndProject
Global
	GlobalSection(SolutionConfigurationPlatforms) = preSolution
		Release|x64 = Release|x64
		Debug|Win32 = Debug|Win32
		Debug|x64 = Debug|x64
		Release|Win32 = Release|Win32
	EndGlobalSection
	GlobalSection(ProjectConfigurationPlatforms) = postSolution
		{12603EF0-22FF-8BDE-B472-579C0D840CA9}.Release|x64.ActiveCfg = Release|x64
		{12603EF0-22FF-8BDE-B472-579C0D840CA9}.Release|x64.Build.0 = Release|x64
		{12603EF0-22FF-8BDE-B472-579C0D840CA9}.Debug|Win32.ActiveCfg = Debug|Win32
		{12603EF0-22FF-8BDE-B472-579C0D840CA9}.Debug|Win32.Build.0 = Debug|Win32
		{12603EF0-22FF-8BDE-B472-579C0D840CA9}.Debug|x64.ActiveCfg = Debug|x64
		{12603EF0-22FF-8BDE-B472-579C0D840CA9}.Debug|x64.Build.0 = Debug|x64
		{12603EF0-22FF-8BDE-B472-579C0D840CA9}.Release|Win32.ActiveCfg = Release|Win32
		{12603EF0-22FF-8BDE-B472-579C0D840CA9}.Release|Win32.Build.0 = Release|Win32
		{1ACDD6D3-0EF2-35F3-74CA-1CB6581A8C65}.Release|x64.ActiveCfg = Release|x64
		{1ACDD6D3-0EF2-35F3-74CA-1CB6581A8C65}.Release|x64.Build.0 = Release|x64
		{1ACDD6D3-0EF2-35F3-74CA-1CB6581A8C65}.Debug|Win32.ActiveCfg = Debug|Win32
		{1ACDD6D3-0EF2-35F3-74CA-1CB6581A8C65}.Debug|Win32.Build.0 = Debug|Win32
		{1ACDD6D3-0EF2-35F3-74CA-1CB6581A8C65}.Debug|x64.ActiveCfg = Debug|x64
		{1ACDD6D3-0EF2-35F3-74CA-1CB6581A8C65}.Debug|x64.Build.0 = Debug|x64
		{1ACDD6D3-0EF2-35F3-74CA-1CB6581A8C65}.Release|Win32.ActiveCfg = Release|Win32
		{1ACDD6D3-0EF2-35F3-74CA-1CB6581A8C65}.Release|Win32.Build.0 = Release|Win32
		{5203AA6C-06C1-798F-F315-5660A022935A}.Release|x64.ActiveCfg = Release|x64
		{5203AA6C-06C1-798F-F315-5660A022935A}.Release|x64.Build.0 = Release|x64
		{5203AA6C-06C1-798F-F315-5660A022935A}.Debug|Win32.ActiveCfg = Debug|Win32
		{5203AA6C-06C1-798F-F315-5660A022935A}.Debug|Win32.Build.0 = Debug|Win32
		{5203AA6C-06C1-798F-F315-5660A022935A}.Debug|x64.ActiveCfg = Debug|x64
		{5203AA6C-06C1-798F-F315-5660A022935A}.Debug|x64.Build.0 = Debug|x64
		{5203AA6C-06C1-798F-F315-5660A022935A}.Release|Win32.ActiveCfg = Release|Win32
		{5203AA6C-06C1-798F-F315-5660A022935A}.Release|Win32.Build.0 = Release|Win32
		{6AEF0907-6868-0AF9-534A-377461AD9955}.Release|x64.ActiveCfg = Release|x64
		{6AEF0907-6868-0AF9-534A-377461AD9955}.Release|x64.Build.0 = Release|x64
		{6AEF0907-6868-0AF9-534A-377461AD9955}.Debug|Win32.ActiveCfg = Debug|Win32
		{6AEF0907-6868-0AF9-534A-377461AD9955}.Debug|Win32.Build.0 = Debug|Win32
		{6AEF0907-6868-0AF9-534A-377461AD9955}.Debug|x64.ActiveCfg = Debug|x64
		{6AEF0907-6868-0AF9-534A-377461AD9955}.Debug|x64.Build.0 = Debug|x64
		{6AEF0907-6868-0AF9-534A-377461AD9955}.Release|Win32.ActiveCfg = Release|Win32
		{6AEF0907-6868-0AF9-534A-377461AD9955}.Release|Win32.Build.0 = Release|Win32
		{8E66546C-5DDC-CE6B-6937-FA30E3188E33}.Release|x64.ActiveCfg = Release|x64
		{8E66546C-5DDC-CE6B-6937-FA30E3188E33}.Release|x64.Build.0 = Release|x64
		{8E66546C-5DDC-CE6B-6937-FA30E3188E33}.Debug|Win32.ActiveCfg = Debug|Win32
		{8E66546C-5DDC-CE6B-6937-FA30E3188E33}.Debug|Win32.Build.0 = Debug|Win32
		{8E66546C-5DDC-CE6B-6937-FA30E3188E33}.Debug|x64.ActiveCfg = Debug|x64
		{8E66546C-5DDC-CE6B-6937-FA30E3188E33}.Debug|x64.Build.0 = Debug|x64
		{8E66546C-5DDC-CE6B-6937-FA30E3188E33}.Release|Win32.ActiveCfg = Release|Win32
		{8E66546C-5DDC-CE6B-6937-FA30E3188E33}.Release|Win32.Build.0 = Release|Win32
		{919EC9E8-1C97-B1A4-D200-E72CC2ED4138}.Release|x64.ActiveCfg = Release|x64
		{919EC9E8-1C97-B1A4-D200-E72CC2ED4138}.Release|x64.Build.0 = Release|x64
		{919EC9E8-1C97-B1A4-D200-E72CC2ED4138}.Debug|Win32.ActiveCfg = Debug|Win32
		{919EC9E8-1C97-B1A4-D200-E72CC2ED4138}.Debug|Win32.Build.0 = Debug|Win32
		{919EC9E8-1C97-B1A4-D200-E72CC2ED4138}.Debug|x64.ActiveCfg = Debug|x64
		{919EC9E8-1C97-B1A4-D200-E72CC2ED4138}.Debug|x64.Build.0 = Debug|x64
		{919EC9E8-1C97-B1A4-D200-E72CC2ED4138}.Release|Win32.ActiveCfg = Release|Win32
		{919EC9E8-1C97-B1A4-D200-E72CC2ED4138}.Release|Win32.Build.0 = Release|Win32
		{C5F41A02-62B7-DE40-16B0-5378F47A36E0}.Release|x64.ActiveCfg = Release|x64
		{C5F41A02-62B7-DE40-16B0-5378F47A36E0}.Release|x64.Build.0 = Release|x64
		{C5F41A02-62B7-DE40-16B0-5378F47A36E0}.Debug|Win32.ActiveCfg = Debug|Win32
		{C5F41A02-62B7-DE40-16B0-5378F47A36E0}.Debug|Win32.Build.0 = Debug|Win32
		{C5F41A02-62B7-DE40-16B0-5378F47A36E0}.Debug|x64.ActiveCfg = Debug|x64
		{C5F41A02-62B7-DE40-16B0-5378F47A36E0}.Debug|x64.Build.0 = Debug|x64
		{C5F41A02-62B7-DE40-16B0-5378F47A36E0}.Release|Win32.ActiveCfg = Release|Win32
		{C5F41A02-62B7-DE40-16B0-5378F47A36E0}.Release|Win32.Build.0 = Release|Win32
		{E6F40AA9-540A-E5E0-E067-CAD080F731AF}.Release|x64.ActiveCfg = Release|x64
		{E6F40AA9-540A-E5E0-E067-CAD080F731AF}.Release|x64.Build.0 = Release|x64
		{E6F40AA9-540A-E5E0-E067-CAD080F731AF}.Debug|Win32.ActiveCfg = Debug|Win32
		{E6F40AA9-540A-E5E0-E067-CAD080F731AF}.Debug|Win32.Build.0 = Debug|Win32
		{E6F40AA9-540A-E5E0-E067-CAD080F731AF}.Debug|x64.ActiveCfg = Debug|x64
		{E6F40AA9-540A-E5E0-E067-CAD080F731AF}.Debug|x64.Build.0 = Debug|x64
		{E6F40AA9-540A-E5E0-E067-CAD080F731AF}.Release|Win32.ActiveCfg = Release|Win32
		{E6F40AA9-540A-E5E0-E067-CAD080F731AF}.Release|Win32.Build.0 = Release|Win32
	EndGlobalSection
	GlobalSection(SolutionProperties) = preSolution
		HideSolutionNode = FALSE
	EndGlobalSection
	GlobalSection(NestedProjects) = preSolution
		{E6F40AA9-540A-E5E0-E067-CAD080F731AF} = {9785FB75-982A-5DE3-252D-3F288B9FEF5B}
		{12603EF0-22FF-8BDE-B472-579C0D840CA9} = {829C43DA-1372-614D-F044-340432AECC41}
		{5203AA6C-06C1-798F-F315-5660A022935A} = {829C43DA-1372-614D-F044-340432AECC41}
		{8E66546C-5DDC-CE6B-6937-FA30E3188E33} = {829C43DA-1372-614D-F044-340432AECC41}
		{919EC9E8-1C97-B1A4-D200-E72CC2ED4138} = {829C43DA-1372-614D-F044-340432AECC41}
		{1ACDD6D3-0EF2-35F3-74CA-1CB6581A8C65} = {829C43DA-1372-614D-F044-340432AECC41}
		{6AEF0907-6868-0AF9-534A-377461AD9955} = {829C43DA-1372-614D-F044-340432AECC41}
		{C5F41A02-62B7-DE40-16B0-5378F47A36E0} = {829C43DA-1372-614D-F044-340432AECC41}
	EndGlobalSection
EndGlobal
